Microsoft Visual Studio Solution File, Format Version 11.00
# Visual Studio 2008

Project("{E0EBC3C4-0907-0D07-F1DF-0F2F4132509E}") = "escape", "Assembly-CSharp-firstpass-vs.csproj", "{43625775-3C25-085D-FC1A-E9E8E9250FEA}"
EndProject
Project("{E0EBC3C4-0907-0D07-F1DF-0F2F4132509E}") = "escape", "Assembly-CSharp-vs.csproj", "{F01B5E8B-A861-567A-6356-A85489D39DBB}"
EndProject
Project("{E0EBC3C4-0907-0D07-F1DF-0F2F4132509E}") = "escape", "Assembly-CSharp-Editor-vs.csproj", "{E4845F88-F02A-30E8-7BD7-0DE340F4501B}"
EndProject
Global
	GlobalSection(SolutionConfigurationPlatforms) = preSolution
		Debug|Any CPU = Debug|Any CPU
		Release|Any CPU = Release|Any CPU
	EndGlobalSection
	GlobalSection(ProjectConfigurationPlatforms) = postSolution
		{43625775-3C25-085D-FC1A-E9E8E9250FEA}.Debug|Any CPU.ActiveCfg = Debug|Any CPU
		{43625775-3C25-085D-FC1A-E9E8E9250FEA}.Debug|Any CPU.Build.0 = Debug|Any CPU
		{43625775-3C25-085D-FC1A-E9E8E9250FEA}.Release|Any CPU.ActiveCfg = Release|Any CPU
		{43625775-3C25-085D-FC1A-E9E8E9250FEA}.Release|Any CPU.Build.0 = Release|Any CPU
		{F01B5E8B-A861-567A-6356-A85489D39DBB}.Debug|Any CPU.ActiveCfg = Debug|Any CPU
		{F01B5E8B-A861-567A-6356-A85489D39DBB}.Debug|Any CPU.Build.0 = Debug|Any CPU
		{F01B5E8B-A861-567A-6356-A85489D39DBB}.Release|Any CPU.ActiveCfg = Release|Any CPU
		{F01B5E8B-A861-567A-6356-A85489D39DBB}.Release|Any CPU.Build.0 = Release|Any CPU
		{E4845F88-F02A-30E8-7BD7-0DE340F4501B}.Debug|Any CPU.ActiveCfg = Debug|Any CPU
		{E4845F88-F02A-30E8-7BD7-0DE340F4501B}.Debug|Any CPU.Build.0 = Debug|Any CPU
		{E4845F88-F02A-30E8-7BD7-0DE340F4501B}.Release|Any CPU.ActiveCfg = Release|Any CPU
		{E4845F88-F02A-30E8-7BD7-0DE340F4501B}.Release|Any CPU.Build.0 = Release|Any CPU
	EndGlobalSection
	GlobalSection(SolutionProperties) = preSolution
		HideSolutionNode = FALSE
	EndGlobalSection
																							GlobalSection(MonoDevelopProperties) = preSolution
		StartupItem = Assembly-CSharp.csproj
		Policies = $0
		$0.TextStylePolicy = $1
		$1.inheritsSet = null
		$1.scope = text/x-csharp
		$0.CSharpFormattingPolicy = $2
		$2.inheritsSet = Mono
		$2.inheritsScope = text/x-csharp
		$2.scope = text/x-csharp
		$0.TextStylePolicy = $3
		$3.FileWidth = 120
		$3.TabWidth = 4
		$3.IndentWidth = 4
		$3.EolMarker = Unix
		$3.inheritsSet = Mono
		$3.inheritsScope = text/plain
		$3.scope = text/plain
	EndGlobalSection

EndGlobal
